
Microsoft Visual Studio Solution File, Format Version 12.00
# Visual Studio Version 16
VisualStudioVersion = 16.0.30413.136
MinimumVisualStudioVersion = 10.0.40219.1
Project("{FAE04EC0-301F-11D3-BF4B-00C04F79EFBC}") = "ProductsManagemnetSystem", "ProductsManagemnetSystem.csproj", "{FEEB1C6F-0B60-4B31-977A-4179335DD7BF}"
EndProject
Global
	GlobalSection(SolutionConfigurationPlatforms) = preSolution
		Debug|Any CPU = Debug|Any CPU
		Release|Any CPU = Release|Any CPU
	EndGlobalSection
	GlobalSection(ProjectConfigurationPlatforms) = postSolution
		{FEEB1C6F-0B60-4B31-977A-4179335DD7BF}.Debug|Any CPU.ActiveCfg = Debug|Any CPU
		{FEEB1C6F-0B60-4B31-977A-4179335DD7BF}.Debug|Any CPU.Build.0 = Debug|Any CPU
		{FEEB1C6F-0B60-4B31-977A-4179335DD7BF}.Release|Any CPU.ActiveCfg = Release|Any CPU
		{FEEB1C6F-0B60-4B31-977A-4179335DD7BF}.Release|Any CPU.Build.0 = Release|Any CPU
	EndGlobalSection
	GlobalSection(SolutionProperties) = preSolution
		HideSolutionNode = FALSE
	EndGlobalSection
	GlobalSection(ExtensibilityGlobals) = postSolution
		SolutionGuid = {D574D92C-FC06-4130-B621-DF659BB6C900}
	EndGlobalSection
EndGlobal
